
Microsoft Visual Studio Solution File, Format Version 12.00
# Visual Studio Version 17
VisualStudioVersion = 17.13.35913.81
MinimumVisualStudioVersion = 10.0.40219.1
Project("{FAE04EC0-301F-11D3-BF4B-00C04F79EFBC}") = "GaleryApp.App", "GaleryApp.App\GaleryApp.App.csproj", "{22A64AE6-8F83-4125-9369-1414C50B176E}"
EndProject
Project("{FAE04EC0-301F-11D3-BF4B-00C04F79EFBC}") = "GaleryApp.Models", "GaleryApp.Models\GaleryApp.Models.csproj", "{C1D2FEB2-BC70-47BA-8233-21EF19E5DC02}"
EndProject
Project("{FAE04EC0-301F-11D3-BF4B-00C04F79EFBC}") = "GaleryApp.Data", "GaleryApp.Data\GaleryApp.Data.csproj", "{D0FF186B-1F87-486E-BF87-9C99C1F5A642}"
EndProject
Global
	GlobalSection(SolutionConfigurationPlatforms) = preSolution
		Debug|Any CPU = Debug|Any CPU
		Release|Any CPU = Release|Any CPU
	EndGlobalSection
	GlobalSection(ProjectConfigurationPlatforms) = postSolution
		{22A64AE6-8F83-4125-9369-1414C50B176E}.Debug|Any CPU.ActiveCfg = Debug|Any CPU
		{22A64AE6-8F83-4125-9369-1414C50B176E}.Debug|Any CPU.Build.0 = Debug|Any CPU
		{22A64AE6-8F83-4125-9369-1414C50B176E}.Release|Any CPU.ActiveCfg = Release|Any CPU
		{22A64AE6-8F83-4125-9369-1414C50B176E}.Release|Any CPU.Build.0 = Release|Any CPU
		{C1D2FEB2-BC70-47BA-8233-21EF19E5DC02}.Debug|Any CPU.ActiveCfg = Debug|Any CPU
		{C1D2FEB2-BC70-47BA-8233-21EF19E5DC02}.Debug|Any CPU.Build.0 = Debug|Any CPU
		{C1D2FEB2-BC70-47BA-8233-21EF19E5DC02}.Release|Any CPU.ActiveCfg = Release|Any CPU
		{C1D2FEB2-BC70-47BA-8233-21EF19E5DC02}.Release|Any CPU.Build.0 = Release|Any CPU
		{D0FF186B-1F87-486E-BF87-9C99C1F5A642}.Debug|Any CPU.ActiveCfg = Debug|Any CPU
		{D0FF186B-1F87-486E-BF87-9C99C1F5A642}.Debug|Any CPU.Build.0 = Debug|Any CPU
		{D0FF186B-1F87-486E-BF87-9C99C1F5A642}.Release|Any CPU.ActiveCfg = Release|Any CPU
		{D0FF186B-1F87-486E-BF87-9C99C1F5A642}.Release|Any CPU.Build.0 = Release|Any CPU
	EndGlobalSection
	GlobalSection(SolutionProperties) = preSolution
		HideSolutionNode = FALSE
	EndGlobalSection
	GlobalSection(ExtensibilityGlobals) = postSolution
		SolutionGuid = {CE150CA3-815A-449C-A0D9-1B4009A2E717}
	EndGlobalSection
EndGlobal
